// !$*UTF8*$!
{
	archiveVersion = 1;
	classes = {
	};
	objectVersion = 46;
	objects = {

/* Begin PBXBuildFile section */
		3E717B3C027A169CFE4C1658 /* Pods_DzyUICells.framework in Frameworks */ = {isa = PBXBuildFile; fileRef = DC82A91F8BC37DB032C24BD0 /* Pods_DzyUICells.framework */; };
		4062864D1EC2063F00168528 /* main.m in Sources */ = {isa = PBXBuildFile; fileRef = 4062864C1EC2063F00168528 /* main.m */; };
		406286501EC2063F00168528 /* AppDelegate.m in Sources */ = {isa = PBXBuildFile; fileRef = 4062864F1EC2063F00168528 /* AppDelegate.m */; };
		406286531EC2063F00168528 /* ViewController.m in Sources */ = {isa = PBXBuildFile; fileRef = 406286521EC2063F00168528 /* ViewController.m */; };
		406286561EC2063F00168528 /* Main.storyboard in Resources */ = {isa = PBXBuildFile; fileRef = 406286541EC2063F00168528 /* Main.storyboard */; };
		406286581EC2063F00168528 /* Assets.xcassets in Resources */ = {isa = PBXBuildFile; fileRef = 406286571EC2063F00168528 /* Assets.xcassets */; };
		4062865B1EC2063F00168528 /* LaunchScreen.storyboard in Resources */ = {isa = PBXBuildFile; fileRef = 406286591EC2063F00168528 /* LaunchScreen.storyboard */; };
		406286661EC2077300168528 /* DzyCollectionDefaultCell.m in Sources */ = {isa = PBXBuildFile; fileRef = 406286651EC2077300168528 /* DzyCollectionDefaultCell.m */; };
		406286691EC2078B00168528 /* DzyTableDefaultCell.m in Sources */ = {isa = PBXBuildFile; fileRef = 406286681EC2078B00168528 /* DzyTableDefaultCell.m */; };
		406486971EE68BCC0016C319 /* IconNameMessageCell.m in Sources */ = {isa = PBXBuildFile; fileRef = 406486961EE68BCC0016C319 /* IconNameMessageCell.m */; };
		4064869A1EE6910E0016C319 /* NewsCell.m in Sources */ = {isa = PBXBuildFile; fileRef = 406486991EE6910E0016C319 /* NewsCell.m */; };
		409FF17B1EC945620041C6A0 /* DzyTableViewController.m in Sources */ = {isa = PBXBuildFile; fileRef = 409FF17A1EC945620041C6A0 /* DzyTableViewController.m */; };
/* End PBXBuildFile section */

/* Begin PBXFileReference section */
		406286481EC2063F00168528 /* DzyUICells.app */ = {isa = PBXFileReference; explicitFileType = wrapper.application; includeInIndex = 0; path = DzyUICells.app; sourceTree = BUILT_PRODUCTS_DIR; };
		4062864C1EC2063F00168528 /* main.m */ = {isa = PBXFileReference; lastKnownFileType = sourcecode.c.objc; path = main.m; sourceTree = "<group>"; };
		4062864E1EC2063F00168528 /* AppDelegate.h */ = {isa = PBXFileReference; lastKnownFileType = sourcecode.c.h; path = AppDelegate.h; sourceTree = "<group>"; };
		4062864F1EC2063F00168528 /* AppDelegate.m */ = {isa = PBXFileReference; lastKnownFileType = sourcecode.c.objc; path = AppDelegate.m; sourceTree = "<group>"; };
		406286511EC2063F00168528 /* ViewController.h */ = {isa = PBXFileReference; lastKnownFileType = sourcecode.c.h; path = ViewController.h; sourceTree = "<group>"; };
		406286521EC2063F00168528 /* ViewController.m */ = {isa = PBXFileReference; lastKnownFileType = sourcecode.c.objc; path = ViewController.m; sourceTree = "<group>"; };
		406286551EC2063F00168528 /* Base */ = {isa = PBXFileReference; lastKnownFileType = file.storyboard; name = Base; path = Base.lproj/Main.storyboard; sourceTree = "<group>"; };
		406286571EC2063F00168528 /* Assets.xcassets */ = {isa = PBXFileReference; lastKnownFileType = folder.assetcatalog; path = Assets.xcassets; sourceTree = "<group>"; };
		4062865A1EC2063F00168528 /* Base */ = {isa = PBXFileReference; lastKnownFileType = file.storyboard; name = Base; path = Base.lproj/LaunchScreen.storyboard; sourceTree = "<group>"; };
		4062865C1EC2063F00168528 /* Info.plist */ = {isa = PBXFileReference; lastKnownFileType = text.plist.xml; path = Info.plist; sourceTree = "<group>"; };
		406286641EC2077300168528 /* DzyCollectionDefaultCell.h */ = {isa = PBXFileReference; fileEncoding = 4; lastKnownFileType = sourcecode.c.h; path = DzyCollectionDefaultCell.h; sourceTree = "<group>"; };
		406286651EC2077300168528 /* DzyCollectionDefaultCell.m */ = {isa = PBXFileReference; fileEncoding = 4; lastKnownFileType = sourcecode.c.objc; path = DzyCollectionDefaultCell.m; sourceTree = "<group>"; };
		406286671EC2078B00168528 /* DzyTableDefaultCell.h */ = {isa = PBXFileReference; fileEncoding = 4; lastKnownFileType = sourcecode.c.h; path = DzyTableDefaultCell.h; sourceTree = "<group>"; };
		406286681EC2078B00168528 /* DzyTableDefaultCell.m */ = {isa = PBXFileReference; fileEncoding = 4; lastKnownFileType = sourcecode.c.objc; path = DzyTableDefaultCell.m; sourceTree = "<group>"; };
		406486951EE68BCC0016C319 /* IconNameMessageCell.h */ = {isa = PBXFileReference; fileEncoding = 4; lastKnownFileType = sourcecode.c.h; path = IconNameMessageCell.h; sourceTree = "<group>"; };
		406486961EE68BCC0016C319 /* IconNameMessageCell.m */ = {isa = PBXFileReference; fileEncoding = 4; lastKnownFileType = sourcecode.c.objc; path = IconNameMessageCell.m; sourceTree = "<group>"; };
		406486981EE6910E0016C319 /* NewsCell.h */ = {isa = PBXFileReference; fileEncoding = 4; lastKnownFileType = sourcecode.c.h; path = NewsCell.h; sourceTree = "<group>"; };
		406486991EE6910E0016C319 /* NewsCell.m */ = {isa = PBXFileReference; fileEncoding = 4; lastKnownFileType = sourcecode.c.objc; path = NewsCell.m; sourceTree = "<group>"; };
		409FF1791EC945620041C6A0 /* DzyTableViewController.h */ = {isa = PBXFileReference; fileEncoding = 4; lastKnownFileType = sourcecode.c.h; path = DzyTableViewController.h; sourceTree = "<group>"; };
		409FF17A1EC945620041C6A0 /* DzyTableViewController.m */ = {isa = PBXFileReference; fileEncoding = 4; lastKnownFileType = sourcecode.c.objc; path = DzyTableViewController.m; sourceTree = "<group>"; };
		40AD846B1EF10E4A00CB1054 /* PrefixHeader.pch */ = {isa = PBXFileReference; fileEncoding = 4; lastKnownFileType = sourcecode.c.h; path = PrefixHeader.pch; sourceTree = "<group>"; };
		C62417B073189F319BA5335B /* Pods-DzyUICells.debug.xcconfig */ = {isa = PBXFileReference; includeInIndex = 1; lastKnownFileType = text.xcconfig; name = "Pods-DzyUICells.debug.xcconfig"; path = "Pods/Target Support Files/Pods-DzyUICells/Pods-DzyUICells.debug.xcconfig"; sourceTree = "<group>"; };
		D031DC8596BC71C155021194 /* Pods-DzyUICells.release.xcconfig */ = {isa = PBXFileReference; includeInIndex = 1; lastKnownFileType = text.xcconfig; name = "Pods-DzyUICells.release.xcconfig"; path = "Pods/Target Support Files/Pods-DzyUICells/Pods-DzyUICells.release.xcconfig"; sourceTree = "<group>"; };
		DC82A91F8BC37DB032C24BD0 /* Pods_DzyUICells.framework */ = {isa = PBXFileReference; explicitFileType = wrapper.framework; includeInIndex = 0; path = Pods_DzyUICells.framework; sourceTree = BUILT_PRODUCTS_DIR; };
/* End PBXFileReference section */

/* Begin PBXFrameworksBuildPhase section */
		406286451EC2063F00168528 /* Frameworks */ = {
			isa = PBXFrameworksBuildPhase;
			buildActionMask = 2147483647;
			files = (
				3E717B3C027A169CFE4C1658 /* Pods_DzyUICells.framework in Frameworks */,
			);
			runOnlyForDeploymentPostprocessing = 0;
		};
/* End PBXFrameworksBuildPhase section */

/* Begin PBXGroup section */
		32CC959C7BF90563A262B7DC /* Frameworks */ = {
			isa = PBXGroup;
			children = (
				DC82A91F8BC37DB032C24BD0 /* Pods_DzyUICells.framework */,
			);
			name = Frameworks;
			sourceTree = "<group>";
		};
		4062863F1EC2063F00168528 = {
			isa = PBXGroup;
			children = (
				4062864A1EC2063F00168528 /* DzyUICells */,
				406286491EC2063F00168528 /* Products */,
				A0E1D82B1F07362E723D7AEE /* Pods */,
				32CC959C7BF90563A262B7DC /* Frameworks */,
			);
			sourceTree = "<group>";
		};
		406286491EC2063F00168528 /* Products */ = {
			isa = PBXGroup;
			children = (
				406286481EC2063F00168528 /* DzyUICells.app */,
			);
			name = Products;
			sourceTree = "<group>";
		};
		4062864A1EC2063F00168528 /* DzyUICells */ = {
			isa = PBXGroup;
			children = (
				406286631EC2072200168528 /* CollectionViewCells */,
				406286621EC2070E00168528 /* TableViewCells */,
				4062864E1EC2063F00168528 /* AppDelegate.h */,
				4062864F1EC2063F00168528 /* AppDelegate.m */,
				406286511EC2063F00168528 /* ViewController.h */,
				406286521EC2063F00168528 /* ViewController.m */,
				409FF1791EC945620041C6A0 /* DzyTableViewController.h */,
				409FF17A1EC945620041C6A0 /* DzyTableViewController.m */,
				40AD846B1EF10E4A00CB1054 /* PrefixHeader.pch */,
				406286541EC2063F00168528 /* Main.storyboard */,
				406286571EC2063F00168528 /* Assets.xcassets */,
				406286591EC2063F00168528 /* LaunchScreen.storyboard */,
				4062865C1EC2063F00168528 /* Info.plist */,
				4062864B1EC2063F00168528 /* Supporting Files */,
			);
			path = DzyUICells;
			sourceTree = "<group>";
		};
		4062864B1EC2063F00168528 /* Supporting Files */ = {
			isa = PBXGroup;
			children = (
				4062864C1EC2063F00168528 /* main.m */,
			);
			name = "Supporting Files";
			sourceTree = "<group>";
		};
		406286621EC2070E00168528 /* TableViewCells */ = {
			isa = PBXGroup;
			children = (
				406286671EC2078B00168528 /* DzyTableDefaultCell.h */,
				406286681EC2078B00168528 /* DzyTableDefaultCell.m */,
				406486951EE68BCC0016C319 /* IconNameMessageCell.h */,
				406486961EE68BCC0016C319 /* IconNameMessageCell.m */,
				406486981EE6910E0016C319 /* NewsCell.h */,
				406486991EE6910E0016C319 /* NewsCell.m */,
			);
			path = TableViewCells;
			sourceTree = "<group>";
		};
		406286631EC2072200168528 /* CollectionViewCells */ = {
			isa = PBXGroup;
			children = (
				406286641EC2077300168528 /* DzyCollectionDefaultCell.h */,
				406286651EC2077300168528 /* DzyCollectionDefaultCell.m */,
			);
			path = CollectionViewCells;
			sourceTree = "<group>";
		};
		A0E1D82B1F07362E723D7AEE /* Pods */ = {
			isa = PBXGroup;
			children = (
				C62417B073189F319BA5335B /* Pods-DzyUICells.debug.xcconfig */,
				D031DC8596BC71C155021194 /* Pods-DzyUICells.release.xcconfig */,
			);
			name = Pods;
			sourceTree = "<group>";
		};
/* End PBXGroup section */

/* Begin PBXNativeTarget section */
		406286471EC2063F00168528 /* DzyUICells */ = {
			isa = PBXNativeTarget;
			buildConfigurationList = 4062865F1EC2063F00168528 /* Build configuration list for PBXNativeTarget "DzyUICells" */;
			buildPhases = (
				D7AD903CC84E13337F70FF42 /* [CP] Check Pods Manifest.lock */,
				406286441EC2063F00168528 /* Sources */,
				406286451EC2063F00168528 /* Frameworks */,
				406286461EC2063F00168528 /* Resources */,
				38B6CEF41236AFDD0A8A4E45 /* [CP] Embed Pods Frameworks */,
				2BA54E3FD76C6A9A3DA0B68F /* [CP] Copy Pods Resources */,
			);
			buildRules = (
			);
			dependencies = (
			);
			name = DzyUICells;
			productName = DzyUICells;
			productReference = 406286481EC2063F00168528 /* DzyUICells.app */;
			productType = "com.apple.product-type.application";
		};
/* End PBXNativeTarget section */

/* Begin PBXProject section */
		406286401EC2063F00168528 /* Project object */ = {
			isa = PBXProject;
			attributes = {
				LastUpgradeCheck = 0830;
				ORGANIZATIONNAME = Dzy;
				TargetAttributes = {
					406286471EC2063F00168528 = {
						CreatedOnToolsVersion = 8.3.2;
						DevelopmentTeam = 3CP5W9DM94;
						ProvisioningStyle = Automatic;
					};
				};
			};
			buildConfigurationList = 406286431EC2063F00168528 /* Build configuration list for PBXProject "DzyUICells" */;
			compatibilityVersion = "Xcode 3.2";
			developmentRegion = English;
			hasScannedForEncodings = 0;
			knownRegions = (
				en,
				Base,
			);
			mainGroup = 4062863F1EC2063F00168528;
			productRefGroup = 406286491EC2063F00168528 /* Products */;
			projectDirPath = "";
			projectRoot = "";
			targets = (
				406286471EC2063F00168528 /* DzyUICells */,
			);
		};
/* End PBXProject section */

/* Begin PBXResourcesBuildPhase section */
		406286461EC2063F00168528 /* Resources */ = {
			isa = PBXResourcesBuildPhase;
			buildActionMask = 2147483647;
			files = (
				4062865B1EC2063F00168528 /* LaunchScreen.storyboard in Resources */,
				406286581EC2063F00168528 /* Assets.xcassets in Resources */,
				406286561EC2063F00168528 /* Main.storyboard in Resources */,
			);
			runOnlyForDeploymentPostprocessing = 0;
		};
/* End PBXResourcesBuildPhase section */

/* Begin PBXShellScriptBuildPhase section */
		2BA54E3FD76C6A9A3DA0B68F /* [CP] Copy Pods Resources */ = {
			isa = PBXShellScriptBuildPhase;
			buildActionMask = 2147483647;
			files = (
			);
			inputPaths = (
			);
			name = "[CP] Copy Pods Resources";
			outputPaths = (
			);
			runOnlyForDeploymentPostprocessing = 0;
			shellPath = /bin/sh;
			shellScript = "\"${SRCROOT}/Pods/Target Support Files/Pods-DzyUICells/Pods-DzyUICells-resources.sh\"\n";
			showEnvVarsInLog = 0;
		};
		38B6CEF41236AFDD0A8A4E45 /* [CP] Embed Pods Frameworks */ = {
			isa = PBXShellScriptBuildPhase;
			buildActionMask = 2147483647;
			files = (
			);
			inputPaths = (
			);
			name = "[CP] Embed Pods Frameworks";
			outputPaths = (
			);
			runOnlyForDeploymentPostprocessing = 0;
			shellPath = /bin/sh;
			shellScript = "\"${SRCROOT}/Pods/Target Support Files/Pods-DzyUICells/Pods-DzyUICells-frameworks.sh\"\n";
			showEnvVarsInLog = 0;
		};
		D7AD903CC84E13337F70FF42 /* [CP] Check Pods Manifest.lock */ = {
			isa = PBXShellScriptBuildPhase;
			buildActionMask = 2147483647;
			files = (
			);
			inputPaths = (
			);
			name = "[CP] Check Pods Manifest.lock";
			outputPaths = (
			);
			runOnlyForDeploymentPostprocessing = 0;
			shellPath = /bin/sh;
			shellScript = "diff \"${PODS_ROOT}/../Podfile.lock\" \"${PODS_ROOT}/Manifest.lock\" > /dev/null\nif [ $? != 0 ] ; then\n    # print error to STDERR\n    echo \"error: The sandbox is not in sync with the Podfile.lock. Run 'pod install' or update your CocoaPods installation.\" >&2\n    exit 1\nfi\n";
			showEnvVarsInLog = 0;
		};
/* End PBXShellScriptBuildPhase section */

/* Begin PBXSourcesBuildPhase section */
		406286441EC2063F00168528 /* Sources */ = {
			isa = PBXSourcesBuildPhase;
			buildActionMask = 2147483647;
			files = (
				406286531EC2063F00168528 /* ViewController.m in Sources */,
				406286661EC2077300168528 /* DzyCollectionDefaultCell.m in Sources */,
				4064869A1EE6910E0016C319 /* NewsCell.m in Sources */,
				406486971EE68BCC0016C319 /* IconNameMessageCell.m in Sources */,
				406286501EC2063F00168528 /* AppDelegate.m in Sources */,
				409FF17B1EC945620041C6A0 /* DzyTableViewController.m in Sources */,
				4062864D1EC2063F00168528 /* main.m in Sources */,
				406286691EC2078B00168528 /* DzyTableDefaultCell.m in Sources */,
			);
			runOnlyForDeploymentPostprocessing = 0;
		};
/* End PBXSourcesBuildPhase section */

/* Begin PBXVariantGroup section */
		406286541EC2063F00168528 /* Main.storyboard */ = {
			isa = PBXVariantGroup;
			children = (
				406286551EC2063F00168528 /* Base */,
			);
			name = Main.storyboard;
			sourceTree = "<group>";
		};
		406286591EC2063F00168528 /* LaunchScreen.storyboard */ = {
			isa = PBXVariantGroup;
			children = (
				4062865A1EC2063F00168528 /* Base */,
			);
			name = LaunchScreen.storyboard;
			sourceTree = "<group>";
		};
/* End PBXVariantGroup section */

/* Begin XCBuildConfiguration section */
		4062865D1EC2063F00168528 /* Debug */ = {
			isa = XCBuildConfiguration;
			buildSettings = {
				ALWAYS_SEARCH_USER_PATHS = NO;
				CLANG_ANALYZER_NONNULL = YES;
				CLANG_ANALYZER_NUMBER_OBJECT_CONVERSION = YES_AGGRESSIVE;
				CLANG_CXX_LANGUAGE_STANDARD = "gnu++0x";
				CLANG_CXX_LIBRARY = "libc++";
				CLANG_ENABLE_MODULES = YES;
				CLANG_ENABLE_OBJC_ARC = YES;
				CLANG_WARN_BOOL_CONVERSION = YES;
				CLANG_WARN_CONSTANT_CONVERSION = YES;
				CLANG_WARN_DIRECT_OBJC_ISA_USAGE = YES_ERROR;
				CLANG_WARN_DOCUMENTATION_COMMENTS = YES;
				CLANG_WARN_EMPTY_BODY = YES;
				CLANG_WARN_ENUM_CONVERSION = YES;
				CLANG_WARN_INFINITE_RECURSION = YES;
				CLANG_WARN_INT_CONVERSION = YES;
				CLANG_WARN_OBJC_ROOT_CLASS = YES_ERROR;
				CLANG_WARN_SUSPICIOUS_MOVE = YES;
				CLANG_WARN_UNREACHABLE_CODE = YES;
				CLANG_WARN__DUPLICATE_METHOD_MATCH = YES;
				"CODE_SIGN_IDENTITY[sdk=iphoneos*]" = "iPhone Developer";
				COPY_PHASE_STRIP = NO;
				DEBUG_INFORMATION_FORMAT = dwarf;
				ENABLE_STRICT_OBJC_MSGSEND = YES;
				ENABLE_TESTABILITY = YES;
				GCC_C_LANGUAGE_STANDARD = gnu99;
				GCC_DYNAMIC_NO_PIC = NO;
				GCC_NO_COMMON_BLOCKS = YES;
				GCC_OPTIMIZATION_LEVEL = 0;
				GCC_PREPROCESSOR_DEFINITIONS = (
					"DEBUG=1",
					"$(inherited)",
				);
				GCC_WARN_64_TO_32_BIT_CONVERSION = YES;
				GCC_WARN_ABOUT_RETURN_TYPE = YES_ERROR;
				GCC_WARN_UNDECLARED_SELECTOR = YES;
				GCC_WARN_UNINITIALIZED_AUTOS = YES_AGGRESSIVE;
				GCC_WARN_UNUSED_FUNCTION = YES;
				GCC_WARN_UNUSED_VARIABLE = YES;
				IPHONEOS_DEPLOYMENT_TARGET = 8.0;
				MTL_ENABLE_DEBUG_INFO = YES;
				ONLY_ACTIVE_ARCH = YES;
				SDKROOT = iphoneos;
			};
			name = Debug;
		};
		4062865E1EC2063F00168528 /* Release */ = {
			isa = XCBuildConfiguration;
			buildSettings = {
				ALWAYS_SEARCH_USER_PATHS = NO;
				CLANG_ANALYZER_NONNULL = YES;
				CLANG_ANALYZER_NUMBER_OBJECT_CONVERSION = YES_AGGRESSIVE;
				CLANG_CXX_LANGUAGE_STANDARD = "gnu++0x";
				CLANG_CXX_LIBRARY = "libc++";
				CLANG_ENABLE_MODULES = YES;
				CLANG_ENABLE_OBJC_ARC = YES;
				CLANG_WARN_BOOL_CONVERSION = YES;
				CLANG_WARN_CONSTANT_CONVERSION = YES;
				CLANG_WARN_DIRECT_OBJC_ISA_USAGE = YES_ERROR;
				CLANG_WARN_DOCUMENTATION_COMMENTS = YES;
				CLANG_WARN_EMPTY_BODY = YES;
				CLANG_WARN_ENUM_CONVERSION = YES;
				CLANG_WARN_INFINITE_RECURSION = YES;
				CLANG_WARN_INT_CONVERSION = YES;
				CLANG_WARN_OBJC_ROOT_CLASS = YES_ERROR;
				CLANG_WARN_SUSPICIOUS_MOVE = YES;
				CLANG_WARN_UNREACHABLE_CODE = YES;
				CLANG_WARN__DUPLICATE_METHOD_MATCH = YES;
				"CODE_SIGN_IDENTITY[sdk=iphoneos*]" = "iPhone Developer";
				COPY_PHASE_STRIP = NO;
				DEBUG_INFORMATION_FORMAT = "dwarf-with-dsym";
				ENABLE_NS_ASSERTIONS = NO;
				ENABLE_STRICT_OBJC_MSGSEND = YES;
				GCC_C_LANGUAGE_STANDARD = gnu99;
				GCC_NO_COMMON_BLOCKS = YES;
				GCC_WARN_64_TO_32_BIT_CONVERSION = YES;
				GCC_WARN_ABOUT_RETURN_TYPE = YES_ERROR;
				GCC_WARN_UNDECLARED_SELECTOR = YES;
				GCC_WARN_UNINITIALIZED_AUTOS = YES_AGGRESSIVE;
				GCC_WARN_UNUSED_FUNCTION = YES;
				GCC_WARN_UNUSED_VARIABLE = YES;
				IPHONEOS_DEPLOYMENT_TARGET = 8.0;
				MTL_ENABLE_DEBUG_INFO = NO;
				SDKROOT = iphoneos;
				VALIDATE_PRODUCT = YES;
			};
			name = Release;
		};
		406286601EC2063F00168528 /* Debug */ = {
			isa = XCBuildConfiguration;
			baseConfigurationReference = C62417B073189F319BA5335B /* Pods-DzyUICells.debug.xcconfig */;
			buildSettings = {
				ASSETCATALOG_COMPILER_APPICON_NAME = AppIcon;
				DEVELOPMENT_TEAM = 3CP5W9DM94;
				GCC_PREFIX_HEADER = "$(SRCROOT)/DzyUICells/PrefixHeader.pch";
				INFOPLIST_FILE = DzyUICells/Info.plist;
				IPHONEOS_DEPLOYMENT_TARGET = 8.0;
				LD_RUNPATH_SEARCH_PATHS = "$(inherited) @executable_path/Frameworks";
				PRODUCT_BUNDLE_IDENTIFIER = com.vwind.DzyUICells;
				PRODUCT_NAME = "$(TARGET_NAME)";
			};
			name = Debug;
		};
		406286611EC2063F00168528 /* Release */ = {
			isa = XCBuildConfiguration;
			baseConfigurationReference = D031DC8596BC71C155021194 /* Pods-DzyUICells.release.xcconfig */;
			buildSettings = {
				ASSETCATALOG_COMPILER_APPICON_NAME = AppIcon;
				DEVELOPMENT_TEAM = 3CP5W9DM94;
				GCC_PREFIX_HEADER = "$(SRCROOT)/DzyUICells/PrefixHeader.pch";
				INFOPLIST_FILE = DzyUICells/Info.plist;
				IPHONEOS_DEPLOYMENT_TARGET = 8.0;
				LD_RUNPATH_SEARCH_PATHS = "$(inherited) @executable_path/Frameworks";
				PRODUCT_BUNDLE_IDENTIFIER = com.vwind.DzyUICells;
				PRODUCT_NAME = "$(TARGET_NAME)";
			};
			name = Release;
		};
/* End XCBuildConfiguration section */

/* Begin XCConfigurationList section */
		406286431EC2063F00168528 /* Build configuration list for PBXProject "DzyUICells" */ = {
			isa = XCConfigurationList;
			buildConfigurations = (
				4062865D1EC2063F00168528 /* Debug */,
				4062865E1EC2063F00168528 /* Release */,
			);
			defaultConfigurationIsVisible = 0;
			defaultConfigurationName = Release;
		};
		4062865F1EC2063F00168528 /* Build configuration list for PBXNativeTarget "DzyUICells" */ = {
			isa = XCConfigurationList;
			buildConfigurations = (
				406286601EC2063F00168528 /* Debug */,
				406286611EC2063F00168528 /* Release */,
			);
			defaultConfigurationIsVisible = 0;
			defaultConfigurationName = Release;
		};
/* End XCConfigurationList section */
	};
	rootObject = 406286401EC2063F00168528 /* Project object */;
}
